
Microsoft Visual Studio Solution File, Format Version 12.00
# Visual Studio 15
VisualStudioVersion = 15.0.27130.2020
MinimumVisualStudioVersion = 10.0.40219.1
Project("{FAE04EC0-301F-11D3-BF4B-00C04F79EFBC}") = "Lista4", "Lista4\Lista4.csproj", "{DCFC9971-EC5F-4CF9-940E-680ED45A6E8C}"
EndProject
Global
	GlobalSection(SolutionConfigurationPlatforms) = preSolution
		Debug|Any CPU = Debug|Any CPU
		Release|Any CPU = Release|Any CPU
	EndGlobalSection
	GlobalSection(ProjectConfigurationPlatforms) = postSolution
		{DCFC9971-EC5F-4CF9-940E-680ED45A6E8C}.Debug|Any CPU.ActiveCfg = Debug|Any CPU
		{DCFC9971-EC5F-4CF9-940E-680ED45A6E8C}.Debug|Any CPU.Build.0 = Debug|Any CPU
		{DCFC9971-EC5F-4CF9-940E-680ED45A6E8C}.Release|Any CPU.ActiveCfg = Release|Any CPU
		{DCFC9971-EC5F-4CF9-940E-680ED45A6E8C}.Release|Any CPU.Build.0 = Release|Any CPU
	EndGlobalSection
	GlobalSection(SolutionProperties) = preSolution
		HideSolutionNode = FALSE
	EndGlobalSection
	GlobalSection(ExtensibilityGlobals) = postSolution
		SolutionGuid = {FCE7B971-7A23-4884-991B-76BF05A4DC05}
	EndGlobalSection
EndGlobal
